
Microsoft Visual Studio Solution File, Format Version 12.00
# Visual Studio Version 17
VisualStudioVersion = 17.7.33808.371
MinimumVisualStudioVersion = 10.0.40219.1
Project("{9A19103F-16F7-4668-BE54-9A1E7A4F7556}") = "ConsoleApp_net8", "ConsoleApp_net8\ConsoleApp_net8.csproj", "{F648706E-0D8C-49C3-A57F-43E99C2F04DB}"
EndProject
Project("{2150E333-8FDC-42A3-9474-1A3956D46DE8}") = "Lambda default parameters", "Lambda default parameters", "{2BAD0765-1858-4094-9CFD-6A2930F06357}"
EndProject
Project("{9A19103F-16F7-4668-BE54-9A1E7A4F7556}") = "LambdaDefaultParameters_ConsoleApp", "LambdaDefaultParameters_ConsoleApp\LambdaDefaultParameters_ConsoleApp.csproj", "{7DCC47F7-3C57-4C38-BE57-9CD43A292963}"
EndProject
Project("{9A19103F-16F7-4668-BE54-9A1E7A4F7556}") = "LambdaDefaultParameter_OldLanguageVersion", "LambdaDefaultParameter_OldLanguageVersion\LambdaDefaultParameter_OldLanguageVersion.csproj", "{8B2AC765-D972-4139-8D14-F98C92D3F66C}"
EndProject
Project("{FAE04EC0-301F-11D3-BF4B-00C04F79EFBC}") = "LambdaDefaultParameters_Framework", "LambdaDefaultParameters_Framework\LambdaDefaultParameters_Framework.csproj", "{040E3568-5169-4421-8143-3F3D8B28A017}"
EndProject
Project("{9A19103F-16F7-4668-BE54-9A1E7A4F7556}") = "LambdaDefaultParameters_Multi", "LambdaDefaultParameters_Multi\LambdaDefaultParameters_Multi.csproj", "{0C71C69D-F2AA-48DE-A9BA-08F070C9B65F}"
EndProject
Project("{9A19103F-16F7-4668-BE54-9A1E7A4F7556}") = "LambdaDefaultParameters_Blazor", "LambdaDefaultParameters_Blazor\LambdaDefaultParameters_Blazor.csproj", "{776E7F87-15D9-44B7-8BF6-E5A8E421DA1A}"
EndProject
Project("{9A19103F-16F7-4668-BE54-9A1E7A4F7556}") = "LambdaDefaultParameters_Lib", "LambdaDefaultParameters_Lib\LambdaDefaultParameters_Lib.csproj", "{76F03BC5-3076-40B6-A85F-8D4533C98A1A}"
EndProject
Project("{9A19103F-16F7-4668-BE54-9A1E7A4F7556}") = "LambdaDefaultParameters_AspNet", "LambdaDefaultParameters_AspNet\LambdaDefaultParameters_AspNet.csproj", "{7BDF3D81-111B-464D-941C-AA86BCEF4809}"
EndProject
Project("{2150E333-8FDC-42A3-9474-1A3956D46DE8}") = "Inline arrays", "Inline arrays", "{18EDF714-9487-440D-AA54-127BF1CE9614}"
EndProject
Project("{9A19103F-16F7-4668-BE54-9A1E7A4F7556}") = "InlineArrays_Core", "InlineArrays_Core\InlineArrays_Core.csproj", "{CC0B8F57-9369-4A7E-9D40-109E8EC68D58}"
EndProject
Project("{FAE04EC0-301F-11D3-BF4B-00C04F79EFBC}") = "InlineArrays_Framework", "InlineArrays_Framework\InlineArrays_Framework.csproj", "{864E634B-2B63-4B34-94D3-538A090D7307}"
EndProject
Project("{9A19103F-16F7-4668-BE54-9A1E7A4F7556}") = "Multi", "Multi\Multi.csproj", "{0A79CFF8-F392-4AE3-A1A7-D6BFE85702B0}"
EndProject
Project("{9A19103F-16F7-4668-BE54-9A1E7A4F7556}") = "InlineArrays_CoreLib", "InlineArrays_CoreLib\InlineArrays_CoreLib.csproj", "{2FDC5C49-810A-4AF7-AF70-869D5587A6FD}"
EndProject
Project("{FAE04EC0-301F-11D3-BF4B-00C04F79EFBC}") = "InlineArrays_Nuget", "InlineArrays_Nuget\InlineArrays_Nuget.csproj", "{B1EE26E3-FAF5-4C56-A702-0BD9E669215B}"
EndProject
Project("{9A19103F-16F7-4668-BE54-9A1E7A4F7556}") = "InlineArrays_Run", "InlineArrays_Run\InlineArrays_Run.csproj", "{0E717F45-5A1A-49F8-8F84-E56E746C1644}"
EndProject
Project("{2150E333-8FDC-42A3-9474-1A3956D46DE8}") = "Primary constructors", "Primary constructors", "{EA980103-497E-4B11-A1E5-DE3081AACE86}"
EndProject
Project("{9A19103F-16F7-4668-BE54-9A1E7A4F7556}") = "PrimaryConstructors_ConsoleApp", "PrimaryConstructors_ConsoleApp\PrimaryConstructors_ConsoleApp.csproj", "{74E7A0FD-270B-4938-BA7D-27C2343DF1AB}"
EndProject
Project("{FAE04EC0-301F-11D3-BF4B-00C04F79EFBC}") = "PrimaryConstructors_Framework", "PrimaryConstructors_Framework\PrimaryConstructors_Framework.csproj", "{25F99E47-C1BB-46C0-8B13-4FCB6ECED04A}"
EndProject
Project("{9A19103F-16F7-4668-BE54-9A1E7A4F7556}") = "PrimaryConstructors_Multi", "PrimaryConstructors_Multi\PrimaryConstructors_Multi.csproj", "{B60BFFF0-EC13-4B58-A2B9-C353383D097C}"
EndProject
Project("{FAE04EC0-301F-11D3-BF4B-00C04F79EFBC}") = "PrimaryConstructors_Lib", "PrimaryConstructors_Lib\PrimaryConstructors_Lib.csproj", "{D40DC8D1-EF6C-403E-979B-5C94E9DDCEF2}"
EndProject
Project("{FAE04EC0-301F-11D3-BF4B-00C04F79EFBC}") = "PrimaryConstructors_Nuget", "PrimaryConstructors_Nuget\PrimaryConstructors_Nuget.csproj", "{159DE8A8-2EFB-48FF-ADDF-5951872D5C9B}"
EndProject
Global
	GlobalSection(SolutionConfigurationPlatforms) = preSolution
		Debug|Any CPU = Debug|Any CPU
		Release|Any CPU = Release|Any CPU
	EndGlobalSection
	GlobalSection(ProjectConfigurationPlatforms) = postSolution
		{F648706E-0D8C-49C3-A57F-43E99C2F04DB}.Debug|Any CPU.ActiveCfg = Debug|Any CPU
		{F648706E-0D8C-49C3-A57F-43E99C2F04DB}.Debug|Any CPU.Build.0 = Debug|Any CPU
		{F648706E-0D8C-49C3-A57F-43E99C2F04DB}.Release|Any CPU.ActiveCfg = Release|Any CPU
		{F648706E-0D8C-49C3-A57F-43E99C2F04DB}.Release|Any CPU.Build.0 = Release|Any CPU
		{7DCC47F7-3C57-4C38-BE57-9CD43A292963}.Debug|Any CPU.ActiveCfg = Debug|Any CPU
		{7DCC47F7-3C57-4C38-BE57-9CD43A292963}.Debug|Any CPU.Build.0 = Debug|Any CPU
		{7DCC47F7-3C57-4C38-BE57-9CD43A292963}.Release|Any CPU.ActiveCfg = Release|Any CPU
		{7DCC47F7-3C57-4C38-BE57-9CD43A292963}.Release|Any CPU.Build.0 = Release|Any CPU
		{8B2AC765-D972-4139-8D14-F98C92D3F66C}.Debug|Any CPU.ActiveCfg = Debug|Any CPU
		{8B2AC765-D972-4139-8D14-F98C92D3F66C}.Debug|Any CPU.Build.0 = Debug|Any CPU
		{8B2AC765-D972-4139-8D14-F98C92D3F66C}.Release|Any CPU.ActiveCfg = Release|Any CPU
		{8B2AC765-D972-4139-8D14-F98C92D3F66C}.Release|Any CPU.Build.0 = Release|Any CPU
		{040E3568-5169-4421-8143-3F3D8B28A017}.Debug|Any CPU.ActiveCfg = Debug|Any CPU
		{040E3568-5169-4421-8143-3F3D8B28A017}.Debug|Any CPU.Build.0 = Debug|Any CPU
		{040E3568-5169-4421-8143-3F3D8B28A017}.Release|Any CPU.ActiveCfg = Release|Any CPU
		{040E3568-5169-4421-8143-3F3D8B28A017}.Release|Any CPU.Build.0 = Release|Any CPU
		{0C71C69D-F2AA-48DE-A9BA-08F070C9B65F}.Debug|Any CPU.ActiveCfg = Debug|Any CPU
		{0C71C69D-F2AA-48DE-A9BA-08F070C9B65F}.Debug|Any CPU.Build.0 = Debug|Any CPU
		{0C71C69D-F2AA-48DE-A9BA-08F070C9B65F}.Release|Any CPU.ActiveCfg = Release|Any CPU
		{0C71C69D-F2AA-48DE-A9BA-08F070C9B65F}.Release|Any CPU.Build.0 = Release|Any CPU
		{776E7F87-15D9-44B7-8BF6-E5A8E421DA1A}.Debug|Any CPU.ActiveCfg = Debug|Any CPU
		{776E7F87-15D9-44B7-8BF6-E5A8E421DA1A}.Debug|Any CPU.Build.0 = Debug|Any CPU
		{776E7F87-15D9-44B7-8BF6-E5A8E421DA1A}.Release|Any CPU.ActiveCfg = Release|Any CPU
		{776E7F87-15D9-44B7-8BF6-E5A8E421DA1A}.Release|Any CPU.Build.0 = Release|Any CPU
		{76F03BC5-3076-40B6-A85F-8D4533C98A1A}.Debug|Any CPU.ActiveCfg = Debug|Any CPU
		{76F03BC5-3076-40B6-A85F-8D4533C98A1A}.Debug|Any CPU.Build.0 = Debug|Any CPU
		{76F03BC5-3076-40B6-A85F-8D4533C98A1A}.Release|Any CPU.ActiveCfg = Release|Any CPU
		{76F03BC5-3076-40B6-A85F-8D4533C98A1A}.Release|Any CPU.Build.0 = Release|Any CPU
		{7BDF3D81-111B-464D-941C-AA86BCEF4809}.Debug|Any CPU.ActiveCfg = Debug|Any CPU
		{7BDF3D81-111B-464D-941C-AA86BCEF4809}.Debug|Any CPU.Build.0 = Debug|Any CPU
		{7BDF3D81-111B-464D-941C-AA86BCEF4809}.Release|Any CPU.ActiveCfg = Release|Any CPU
		{7BDF3D81-111B-464D-941C-AA86BCEF4809}.Release|Any CPU.Build.0 = Release|Any CPU
		{CC0B8F57-9369-4A7E-9D40-109E8EC68D58}.Debug|Any CPU.ActiveCfg = Debug|Any CPU
		{CC0B8F57-9369-4A7E-9D40-109E8EC68D58}.Debug|Any CPU.Build.0 = Debug|Any CPU
		{CC0B8F57-9369-4A7E-9D40-109E8EC68D58}.Release|Any CPU.ActiveCfg = Release|Any CPU
		{CC0B8F57-9369-4A7E-9D40-109E8EC68D58}.Release|Any CPU.Build.0 = Release|Any CPU
		{864E634B-2B63-4B34-94D3-538A090D7307}.Debug|Any CPU.ActiveCfg = Debug|Any CPU
		{864E634B-2B63-4B34-94D3-538A090D7307}.Debug|Any CPU.Build.0 = Debug|Any CPU
		{864E634B-2B63-4B34-94D3-538A090D7307}.Release|Any CPU.ActiveCfg = Release|Any CPU
		{864E634B-2B63-4B34-94D3-538A090D7307}.Release|Any CPU.Build.0 = Release|Any CPU
		{0A79CFF8-F392-4AE3-A1A7-D6BFE85702B0}.Debug|Any CPU.ActiveCfg = Debug|Any CPU
		{0A79CFF8-F392-4AE3-A1A7-D6BFE85702B0}.Debug|Any CPU.Build.0 = Debug|Any CPU
		{0A79CFF8-F392-4AE3-A1A7-D6BFE85702B0}.Release|Any CPU.ActiveCfg = Release|Any CPU
		{0A79CFF8-F392-4AE3-A1A7-D6BFE85702B0}.Release|Any CPU.Build.0 = Release|Any CPU
		{2FDC5C49-810A-4AF7-AF70-869D5587A6FD}.Debug|Any CPU.ActiveCfg = Debug|Any CPU
		{2FDC5C49-810A-4AF7-AF70-869D5587A6FD}.Debug|Any CPU.Build.0 = Debug|Any CPU
		{2FDC5C49-810A-4AF7-AF70-869D5587A6FD}.Release|Any CPU.ActiveCfg = Release|Any CPU
		{2FDC5C49-810A-4AF7-AF70-869D5587A6FD}.Release|Any CPU.Build.0 = Release|Any CPU
		{B1EE26E3-FAF5-4C56-A702-0BD9E669215B}.Debug|Any CPU.ActiveCfg = Debug|Any CPU
		{B1EE26E3-FAF5-4C56-A702-0BD9E669215B}.Debug|Any CPU.Build.0 = Debug|Any CPU
		{B1EE26E3-FAF5-4C56-A702-0BD9E669215B}.Release|Any CPU.ActiveCfg = Release|Any CPU
		{B1EE26E3-FAF5-4C56-A702-0BD9E669215B}.Release|Any CPU.Build.0 = Release|Any CPU
		{0E717F45-5A1A-49F8-8F84-E56E746C1644}.Debug|Any CPU.ActiveCfg = Debug|Any CPU
		{0E717F45-5A1A-49F8-8F84-E56E746C1644}.Debug|Any CPU.Build.0 = Debug|Any CPU
		{0E717F45-5A1A-49F8-8F84-E56E746C1644}.Release|Any CPU.ActiveCfg = Release|Any CPU
		{0E717F45-5A1A-49F8-8F84-E56E746C1644}.Release|Any CPU.Build.0 = Release|Any CPU
		{74E7A0FD-270B-4938-BA7D-27C2343DF1AB}.Debug|Any CPU.ActiveCfg = Debug|Any CPU
		{74E7A0FD-270B-4938-BA7D-27C2343DF1AB}.Debug|Any CPU.Build.0 = Debug|Any CPU
		{74E7A0FD-270B-4938-BA7D-27C2343DF1AB}.Release|Any CPU.ActiveCfg = Release|Any CPU
		{74E7A0FD-270B-4938-BA7D-27C2343DF1AB}.Release|Any CPU.Build.0 = Release|Any CPU
		{25F99E47-C1BB-46C0-8B13-4FCB6ECED04A}.Debug|Any CPU.ActiveCfg = Debug|Any CPU
		{25F99E47-C1BB-46C0-8B13-4FCB6ECED04A}.Debug|Any CPU.Build.0 = Debug|Any CPU
		{25F99E47-C1BB-46C0-8B13-4FCB6ECED04A}.Release|Any CPU.ActiveCfg = Release|Any CPU
		{25F99E47-C1BB-46C0-8B13-4FCB6ECED04A}.Release|Any CPU.Build.0 = Release|Any CPU
		{B60BFFF0-EC13-4B58-A2B9-C353383D097C}.Debug|Any CPU.ActiveCfg = Debug|Any CPU
		{B60BFFF0-EC13-4B58-A2B9-C353383D097C}.Debug|Any CPU.Build.0 = Debug|Any CPU
		{B60BFFF0-EC13-4B58-A2B9-C353383D097C}.Release|Any CPU.ActiveCfg = Release|Any CPU
		{B60BFFF0-EC13-4B58-A2B9-C353383D097C}.Release|Any CPU.Build.0 = Release|Any CPU
		{D40DC8D1-EF6C-403E-979B-5C94E9DDCEF2}.Debug|Any CPU.ActiveCfg = Debug|Any CPU
		{D40DC8D1-EF6C-403E-979B-5C94E9DDCEF2}.Debug|Any CPU.Build.0 = Debug|Any CPU
		{D40DC8D1-EF6C-403E-979B-5C94E9DDCEF2}.Release|Any CPU.ActiveCfg = Release|Any CPU
		{D40DC8D1-EF6C-403E-979B-5C94E9DDCEF2}.Release|Any CPU.Build.0 = Release|Any CPU
		{159DE8A8-2EFB-48FF-ADDF-5951872D5C9B}.Debug|Any CPU.ActiveCfg = Debug|Any CPU
		{159DE8A8-2EFB-48FF-ADDF-5951872D5C9B}.Debug|Any CPU.Build.0 = Debug|Any CPU
		{159DE8A8-2EFB-48FF-ADDF-5951872D5C9B}.Release|Any CPU.ActiveCfg = Release|Any CPU
		{159DE8A8-2EFB-48FF-ADDF-5951872D5C9B}.Release|Any CPU.Build.0 = Release|Any CPU
	EndGlobalSection
	GlobalSection(SolutionProperties) = preSolution
		HideSolutionNode = FALSE
	EndGlobalSection
	GlobalSection(NestedProjects) = preSolution
		{7DCC47F7-3C57-4C38-BE57-9CD43A292963} = {2BAD0765-1858-4094-9CFD-6A2930F06357}
		{8B2AC765-D972-4139-8D14-F98C92D3F66C} = {2BAD0765-1858-4094-9CFD-6A2930F06357}
		{040E3568-5169-4421-8143-3F3D8B28A017} = {2BAD0765-1858-4094-9CFD-6A2930F06357}
		{0C71C69D-F2AA-48DE-A9BA-08F070C9B65F} = {2BAD0765-1858-4094-9CFD-6A2930F06357}
		{776E7F87-15D9-44B7-8BF6-E5A8E421DA1A} = {2BAD0765-1858-4094-9CFD-6A2930F06357}
		{76F03BC5-3076-40B6-A85F-8D4533C98A1A} = {2BAD0765-1858-4094-9CFD-6A2930F06357}
		{7BDF3D81-111B-464D-941C-AA86BCEF4809} = {2BAD0765-1858-4094-9CFD-6A2930F06357}
		{CC0B8F57-9369-4A7E-9D40-109E8EC68D58} = {18EDF714-9487-440D-AA54-127BF1CE9614}
		{864E634B-2B63-4B34-94D3-538A090D7307} = {18EDF714-9487-440D-AA54-127BF1CE9614}
		{0A79CFF8-F392-4AE3-A1A7-D6BFE85702B0} = {18EDF714-9487-440D-AA54-127BF1CE9614}
		{2FDC5C49-810A-4AF7-AF70-869D5587A6FD} = {18EDF714-9487-440D-AA54-127BF1CE9614}
		{B1EE26E3-FAF5-4C56-A702-0BD9E669215B} = {18EDF714-9487-440D-AA54-127BF1CE9614}
		{0E717F45-5A1A-49F8-8F84-E56E746C1644} = {18EDF714-9487-440D-AA54-127BF1CE9614}
		{74E7A0FD-270B-4938-BA7D-27C2343DF1AB} = {EA980103-497E-4B11-A1E5-DE3081AACE86}
		{25F99E47-C1BB-46C0-8B13-4FCB6ECED04A} = {EA980103-497E-4B11-A1E5-DE3081AACE86}
		{B60BFFF0-EC13-4B58-A2B9-C353383D097C} = {EA980103-497E-4B11-A1E5-DE3081AACE86}
		{D40DC8D1-EF6C-403E-979B-5C94E9DDCEF2} = {EA980103-497E-4B11-A1E5-DE3081AACE86}
		{159DE8A8-2EFB-48FF-ADDF-5951872D5C9B} = {EA980103-497E-4B11-A1E5-DE3081AACE86}
	EndGlobalSection
	GlobalSection(ExtensibilityGlobals) = postSolution
		SolutionGuid = {37DF41B4-95BA-45E5-8EDC-EFFF490901CC}
	EndGlobalSection
EndGlobal
